
Microsoft Visual Studio Solution File, Format Version 12.00
# Visual Studio Version 17
VisualStudioVersion = 17.9.34616.47
MinimumVisualStudioVersion = 10.0.40219.1
Project("{FAE04EC0-301F-11D3-BF4B-00C04F79EFBC}") = "virtual-pet", "virtual-pet\virtual-pet.csproj", "{0DC8722F-BF0B-4F65-8736-E014921731A1}"
EndProject
Global
	GlobalSection(SolutionConfigurationPlatforms) = preSolution
		Debug|Any CPU = Debug|Any CPU
		Release|Any CPU = Release|Any CPU
	EndGlobalSection
	GlobalSection(ProjectConfigurationPlatforms) = postSolution
		{0DC8722F-BF0B-4F65-8736-E014921731A1}.Debug|Any CPU.ActiveCfg = Debug|Any CPU
		{0DC8722F-BF0B-4F65-8736-E014921731A1}.Debug|Any CPU.Build.0 = Debug|Any CPU
		{0DC8722F-BF0B-4F65-8736-E014921731A1}.Release|Any CPU.ActiveCfg = Release|Any CPU
		{0DC8722F-BF0B-4F65-8736-E014921731A1}.Release|Any CPU.Build.0 = Release|Any CPU
	EndGlobalSection
	GlobalSection(SolutionProperties) = preSolution
		HideSolutionNode = FALSE
	EndGlobalSection
	GlobalSection(ExtensibilityGlobals) = postSolution
		SolutionGuid = {B2D40F8A-815D-49F7-917A-CBDE2B7C4459}
	EndGlobalSection
EndGlobal
